{
  "name": "fundoojavascript",
  "version": "1.0.0",
  "lockfileVersion": 2,
  "requires": true,
  "packages": {
    "": {
      "name": "fundoojavascript",
      "version": "1.0.0",
      "license": "ISC",
      "dependencies": {
        "deparam.js": "^2.1.4",
        "jquery": "^3.6.3",
        "jqueryrouter": "^2.2.8"
      }
    },
    "node_modules/deparam.js": {
      "version": "2.1.4",
      "resolved": "https://registry.npmjs.org/deparam.js/-/deparam.js-2.1.4.tgz",
      "integrity": "sha512-SBg206E6vNX+n0TTK8NqXLHpk3+AD7g/WmWLealhMGHDhg6TPdBDMRfQdVICJfI/2AN29kvvZ79RJAUDXNrMug=="
    },
    "node_modules/jquery": {
      "version": "3.6.3",
      "resolved": "https://registry.npmjs.org/jquery/-/jquery-3.6.3.tgz",
      "integrity": "sha512-bZ5Sy3YzKo9Fyc8wH2iIQK4JImJ6R0GWI9kL1/k7Z91ZBNgkRXE6U0JfHIizZbort8ZunhSI3jw9I6253ahKfg=="
    },
    "node_modules/jqueryrouter": {
      "version": "2.2.8",
      "resolved": "https://registry.npmjs.org/jqueryrouter/-/jqueryrouter-2.2.8.tgz",
      "integrity": "sha512-hzibgAUl2wCFy/yqATkwAetlZur0YdkBUPpgcKkAsU/AtNWEF7y4UCq0XjI07bUkiplv0Zu1VR5Rb7jP+ffS+w==",
      "peerDependencies": {
        "deparam.js": "^2.1.0",
        "jquery": "^3.4.1"
      }
    }
  },
  "dependencies": {
    "deparam.js": {
      "version": "2.1.4",
      "resolved": "https://registry.npmjs.org/deparam.js/-/deparam.js-2.1.4.tgz",
      "integrity": "sha512-SBg206E6vNX+n0TTK8NqXLHpk3+AD7g/WmWLealhMGHDhg6TPdBDMRfQdVICJfI/2AN29kvvZ79RJAUDXNrMug=="
    },
    "jquery": {
      "version": "3.6.3",
      "resolved": "https://registry.npmjs.org/jquery/-/jquery-3.6.3.tgz",
      "integrity": "sha512-bZ5Sy3YzKo9Fyc8wH2iIQK4JImJ6R0GWI9kL1/k7Z91ZBNgkRXE6U0JfHIizZbort8ZunhSI3jw9I6253ahKfg=="
    },
    "jqueryrouter": {
      "version": "2.2.8",
      "resolved": "https://registry.npmjs.org/jqueryrouter/-/jqueryrouter-2.2.8.tgz",
      "integrity": "sha512-hzibgAUl2wCFy/yqATkwAetlZur0YdkBUPpgcKkAsU/AtNWEF7y4UCq0XjI07bUkiplv0Zu1VR5Rb7jP+ffS+w==",
      "requires": {}
    }
  }
}
